// !$*UTF8*$!
{
	archiveVersion = 1;
	classes = {
	};
	objectVersion = 48;
	objects = {

/* Begin PBXBuildFile section */
		D81C0BBD204C94F1007D8695 /* myanimelist.txt in Resources */ = {isa = PBXBuildFile; fileRef = D81C0BBC204C94F1007D8695 /* myanimelist.txt */; };
		D81C0BC6204C9882007D8695 /* wdbc.txt in Resources */ = {isa = PBXBuildFile; fileRef = D81C0BBE204C9882007D8695 /* wdbc.txt */; };
		D81C0BC8204C9882007D8695 /* wine.txt in Resources */ = {isa = PBXBuildFile; fileRef = D81C0BC0204C9882007D8695 /* wine.txt */; };
		D81C0BC9204C9882007D8695 /* breast-cancer-wisconsin.txt in Resources */ = {isa = PBXBuildFile; fileRef = D81C0BC1204C9882007D8695 /* breast-cancer-wisconsin.txt */; };
		D81C0BCA204C9882007D8695 /* abalone.txt in Resources */ = {isa = PBXBuildFile; fileRef = D81C0BC2204C9882007D8695 /* abalone.txt */; };
		D81C0BCB204C9882007D8695 /* iris.txt in Resources */ = {isa = PBXBuildFile; fileRef = D81C0BC3204C9882007D8695 /* iris.txt */; };
		D81C0BCC204C9882007D8695 /* winequality-white.txt in Resources */ = {isa = PBXBuildFile; fileRef = D81C0BC4204C9882007D8695 /* winequality-white.txt */; };
		D81C0BCD204C9882007D8695 /* winequality-red.txt in Resources */ = {isa = PBXBuildFile; fileRef = D81C0BC5204C9882007D8695 /* winequality-red.txt */; };
		D85B55E120C6B76D00865CC6 /* GraphView.swift in Sources */ = {isa = PBXBuildFile; fileRef = D85B55E020C6B76D00865CC6 /* GraphView.swift */; };
		D85B55E520D44BAE00865CC6 /* useData.py in Resources */ = {isa = PBXBuildFile; fileRef = D85B55E420D44BAE00865CC6 /* useData.py */; };
		D8EDBBC1204B5C02001BB896 /* AppDelegate.swift in Sources */ = {isa = PBXBuildFile; fileRef = D8EDBBC0204B5C02001BB896 /* AppDelegate.swift */; };
		D8EDBBC3204B5C02001BB896 /* ViewController.swift in Sources */ = {isa = PBXBuildFile; fileRef = D8EDBBC2204B5C02001BB896 /* ViewController.swift */; };
		D8EDBBC5204B5C02001BB896 /* Assets.xcassets in Resources */ = {isa = PBXBuildFile; fileRef = D8EDBBC4204B5C02001BB896 /* Assets.xcassets */; };
		D8EDBBC8204B5C02001BB896 /* Main.storyboard in Resources */ = {isa = PBXBuildFile; fileRef = D8EDBBC6204B5C02001BB896 /* Main.storyboard */; };
		D8EDBBD4204B5C02001BB896 /* PI_VTests.swift in Sources */ = {isa = PBXBuildFile; fileRef = D8EDBBD3204B5C02001BB896 /* PI_VTests.swift */; };
		D8EDBBDF204B5C02001BB896 /* PI_VUITests.swift in Sources */ = {isa = PBXBuildFile; fileRef = D8EDBBDE204B5C02001BB896 /* PI_VUITests.swift */; };
		D8EDBBEF204B790E001BB896 /* output.txt in Resources */ = {isa = PBXBuildFile; fileRef = D8EDBBEE204B790E001BB896 /* output.txt */; };
/* End PBXBuildFile section */

/* Begin PBXContainerItemProxy section */
		D8EDBBD0204B5C02001BB896 /* PBXContainerItemProxy */ = {
			isa = PBXContainerItemProxy;
			containerPortal = D8EDBBB5204B5C02001BB896 /* Project object */;
			proxyType = 1;
			remoteGlobalIDString = D8EDBBBC204B5C02001BB896;
			remoteInfo = "PI V";
		};
		D8EDBBDB204B5C02001BB896 /* PBXContainerItemProxy */ = {
			isa = PBXContainerItemProxy;
			containerPortal = D8EDBBB5204B5C02001BB896 /* Project object */;
			proxyType = 1;
			remoteGlobalIDString = D8EDBBBC204B5C02001BB896;
			remoteInfo = "PI V";
		};
/* End PBXContainerItemProxy section */

/* Begin PBXFileReference section */
		D81C0BBC204C94F1007D8695 /* myanimelist.txt */ = {isa = PBXFileReference; fileEncoding = 4; lastKnownFileType = text; path = myanimelist.txt; sourceTree = "<group>"; };
		D81C0BBE204C9882007D8695 /* wdbc.txt */ = {isa = PBXFileReference; fileEncoding = 4; lastKnownFileType = text; path = wdbc.txt; sourceTree = "<group>"; };
		D81C0BC0204C9882007D8695 /* wine.txt */ = {isa = PBXFileReference; fileEncoding = 4; lastKnownFileType = text; path = wine.txt; sourceTree = "<group>"; };
		D81C0BC1204C9882007D8695 /* breast-cancer-wisconsin.txt */ = {isa = PBXFileReference; fileEncoding = 4; lastKnownFileType = text; path = "breast-cancer-wisconsin.txt"; sourceTree = "<group>"; };
		D81C0BC2204C9882007D8695 /* abalone.txt */ = {isa = PBXFileReference; fileEncoding = 4; lastKnownFileType = text; path = abalone.txt; sourceTree = "<group>"; };
		D81C0BC3204C9882007D8695 /* iris.txt */ = {isa = PBXFileReference; fileEncoding = 4; lastKnownFileType = text; path = iris.txt; sourceTree = "<group>"; };
		D81C0BC4204C9882007D8695 /* winequality-white.txt */ = {isa = PBXFileReference; fileEncoding = 4; lastKnownFileType = text; path = "winequality-white.txt"; sourceTree = "<group>"; };
		D81C0BC5204C9882007D8695 /* winequality-red.txt */ = {isa = PBXFileReference; fileEncoding = 4; lastKnownFileType = text; path = "winequality-red.txt"; sourceTree = "<group>"; };
		D85B55E020C6B76D00865CC6 /* GraphView.swift */ = {isa = PBXFileReference; lastKnownFileType = sourcecode.swift; path = GraphView.swift; sourceTree = "<group>"; };
		D85B55E420D44BAE00865CC6 /* useData.py */ = {isa = PBXFileReference; fileEncoding = 4; lastKnownFileType = text.script.python; path = useData.py; sourceTree = "<group>"; };
		D8EDBBBD204B5C02001BB896 /* PI V.app */ = {isa = PBXFileReference; explicitFileType = wrapper.application; includeInIndex = 0; path = "PI V.app"; sourceTree = BUILT_PRODUCTS_DIR; };
		D8EDBBC0204B5C02001BB896 /* AppDelegate.swift */ = {isa = PBXFileReference; lastKnownFileType = sourcecode.swift; path = AppDelegate.swift; sourceTree = "<group>"; };
		D8EDBBC2204B5C02001BB896 /* ViewController.swift */ = {isa = PBXFileReference; lastKnownFileType = sourcecode.swift; path = ViewController.swift; sourceTree = "<group>"; };
		D8EDBBC4204B5C02001BB896 /* Assets.xcassets */ = {isa = PBXFileReference; lastKnownFileType = folder.assetcatalog; path = Assets.xcassets; sourceTree = "<group>"; };
		D8EDBBC7204B5C02001BB896 /* Base */ = {isa = PBXFileReference; lastKnownFileType = file.storyboard; name = Base; path = Base.lproj/Main.storyboard; sourceTree = "<group>"; };
		D8EDBBC9204B5C02001BB896 /* Info.plist */ = {isa = PBXFileReference; lastKnownFileType = text.plist.xml; path = Info.plist; sourceTree = "<group>"; };
		D8EDBBCA204B5C02001BB896 /* PI_V.entitlements */ = {isa = PBXFileReference; lastKnownFileType = text.plist.entitlements; path = PI_V.entitlements; sourceTree = "<group>"; };
		D8EDBBCF204B5C02001BB896 /* PI VTests.xctest */ = {isa = PBXFileReference; explicitFileType = wrapper.cfbundle; includeInIndex = 0; path = "PI VTests.xctest"; sourceTree = BUILT_PRODUCTS_DIR; };
		D8EDBBD3204B5C02001BB896 /* PI_VTests.swift */ = {isa = PBXFileReference; lastKnownFileType = sourcecode.swift; path = PI_VTests.swift; sourceTree = "<group>"; };
		D8EDBBD5204B5C02001BB896 /* Info.plist */ = {isa = PBXFileReference; lastKnownFileType = text.plist.xml; path = Info.plist; sourceTree = "<group>"; };
		D8EDBBDA204B5C02001BB896 /* PI VUITests.xctest */ = {isa = PBXFileReference; explicitFileType = wrapper.cfbundle; includeInIndex = 0; path = "PI VUITests.xctest"; sourceTree = BUILT_PRODUCTS_DIR; };
		D8EDBBDE204B5C02001BB896 /* PI_VUITests.swift */ = {isa = PBXFileReference; lastKnownFileType = sourcecode.swift; path = PI_VUITests.swift; sourceTree = "<group>"; };
		D8EDBBE0204B5C02001BB896 /* Info.plist */ = {isa = PBXFileReference; lastKnownFileType = text.plist.xml; path = Info.plist; sourceTree = "<group>"; };
		D8EDBBEE204B790E001BB896 /* output.txt */ = {isa = PBXFileReference; fileEncoding = 4; lastKnownFileType = text; path = output.txt; sourceTree = "<group>"; };
/* End PBXFileReference section */

/* Begin PBXFrameworksBuildPhase section */
		D8EDBBBA204B5C02001BB896 /* Frameworks */ = {
			isa = PBXFrameworksBuildPhase;
			buildActionMask = 2147483647;
			files = (
			);
			runOnlyForDeploymentPostprocessing = 0;
		};
		D8EDBBCC204B5C02001BB896 /* Frameworks */ = {
			isa = PBXFrameworksBuildPhase;
			buildActionMask = 2147483647;
			files = (
			);
			runOnlyForDeploymentPostprocessing = 0;
		};
		D8EDBBD7204B5C02001BB896 /* Frameworks */ = {
			isa = PBXFrameworksBuildPhase;
			buildActionMask = 2147483647;
			files = (
			);
			runOnlyForDeploymentPostprocessing = 0;
		};
/* End PBXFrameworksBuildPhase section */

/* Begin PBXGroup section */
		D8EDBBB4204B5C02001BB896 = {
			isa = PBXGroup;
			children = (
				D8EDBBBF204B5C02001BB896 /* PI V */,
				D8EDBBD2204B5C02001BB896 /* PI VTests */,
				D8EDBBDD204B5C02001BB896 /* PI VUITests */,
				D8EDBBBE204B5C02001BB896 /* Products */,
			);
			sourceTree = "<group>";
		};
		D8EDBBBE204B5C02001BB896 /* Products */ = {
			isa = PBXGroup;
			children = (
				D8EDBBBD204B5C02001BB896 /* PI V.app */,
				D8EDBBCF204B5C02001BB896 /* PI VTests.xctest */,
				D8EDBBDA204B5C02001BB896 /* PI VUITests.xctest */,
			);
			name = Products;
			sourceTree = "<group>";
		};
		D8EDBBBF204B5C02001BB896 /* PI V */ = {
			isa = PBXGroup;
			children = (
				D85B55E420D44BAE00865CC6 /* useData.py */,
				D8EDBBC0204B5C02001BB896 /* AppDelegate.swift */,
				D8EDBBC2204B5C02001BB896 /* ViewController.swift */,
				D85B55E020C6B76D00865CC6 /* GraphView.swift */,
				D81C0BBC204C94F1007D8695 /* myanimelist.txt */,
				D81C0BC2204C9882007D8695 /* abalone.txt */,
				D81C0BC1204C9882007D8695 /* breast-cancer-wisconsin.txt */,
				D81C0BC3204C9882007D8695 /* iris.txt */,
				D81C0BBE204C9882007D8695 /* wdbc.txt */,
				D81C0BC0204C9882007D8695 /* wine.txt */,
				D81C0BC5204C9882007D8695 /* winequality-red.txt */,
				D81C0BC4204C9882007D8695 /* winequality-white.txt */,
				D8EDBBEE204B790E001BB896 /* output.txt */,
				D8EDBBC4204B5C02001BB896 /* Assets.xcassets */,
				D8EDBBC6204B5C02001BB896 /* Main.storyboard */,
				D8EDBBC9204B5C02001BB896 /* Info.plist */,
				D8EDBBCA204B5C02001BB896 /* PI_V.entitlements */,
			);
			path = "PI V";
			sourceTree = "<group>";
		};
		D8EDBBD2204B5C02001BB896 /* PI VTests */ = {
			isa = PBXGroup;
			children = (
				D8EDBBD3204B5C02001BB896 /* PI_VTests.swift */,
				D8EDBBD5204B5C02001BB896 /* Info.plist */,
			);
			path = "PI VTests";
			sourceTree = "<group>";
		};
		D8EDBBDD204B5C02001BB896 /* PI VUITests */ = {
			isa = PBXGroup;
			children = (
				D8EDBBDE204B5C02001BB896 /* PI_VUITests.swift */,
				D8EDBBE0204B5C02001BB896 /* Info.plist */,
			);
			path = "PI VUITests";
			sourceTree = "<group>";
		};
/* End PBXGroup section */

/* Begin PBXNativeTarget section */
		D8EDBBBC204B5C02001BB896 /* PI V */ = {
			isa = PBXNativeTarget;
			buildConfigurationList = D8EDBBE3204B5C02001BB896 /* Build configuration list for PBXNativeTarget "PI V" */;
			buildPhases = (
				D8EDBBB9204B5C02001BB896 /* Sources */,
				D8EDBBBA204B5C02001BB896 /* Frameworks */,
				D8EDBBBB204B5C02001BB896 /* Resources */,
			);
			buildRules = (
			);
			dependencies = (
			);
			name = "PI V";
			productName = "PI V";
			productReference = D8EDBBBD204B5C02001BB896 /* PI V.app */;
			productType = "com.apple.product-type.application";
		};
		D8EDBBCE204B5C02001BB896 /* PI VTests */ = {
			isa = PBXNativeTarget;
			buildConfigurationList = D8EDBBE6204B5C02001BB896 /* Build configuration list for PBXNativeTarget "PI VTests" */;
			buildPhases = (
				D8EDBBCB204B5C02001BB896 /* Sources */,
				D8EDBBCC204B5C02001BB896 /* Frameworks */,
				D8EDBBCD204B5C02001BB896 /* Resources */,
			);
			buildRules = (
			);
			dependencies = (
				D8EDBBD1204B5C02001BB896 /* PBXTargetDependency */,
			);
			name = "PI VTests";
			productName = "PI VTests";
			productReference = D8EDBBCF204B5C02001BB896 /* PI VTests.xctest */;
			productType = "com.apple.product-type.bundle.unit-test";
		};
		D8EDBBD9204B5C02001BB896 /* PI VUITests */ = {
			isa = PBXNativeTarget;
			buildConfigurationList = D8EDBBE9204B5C02001BB896 /* Build configuration list for PBXNativeTarget "PI VUITests" */;
			buildPhases = (
				D8EDBBD6204B5C02001BB896 /* Sources */,
				D8EDBBD7204B5C02001BB896 /* Frameworks */,
				D8EDBBD8204B5C02001BB896 /* Resources */,
			);
			buildRules = (
			);
			dependencies = (
				D8EDBBDC204B5C02001BB896 /* PBXTargetDependency */,
			);
			name = "PI VUITests";
			productName = "PI VUITests";
			productReference = D8EDBBDA204B5C02001BB896 /* PI VUITests.xctest */;
			productType = "com.apple.product-type.bundle.ui-testing";
		};
/* End PBXNativeTarget section */

/* Begin PBXProject section */
		D8EDBBB5204B5C02001BB896 /* Project object */ = {
			isa = PBXProject;
			attributes = {
				LastSwiftUpdateCheck = 0920;
				LastUpgradeCheck = 0920;
				ORGANIZATIONNAME = "Danilo Mative";
				TargetAttributes = {
					D8EDBBBC204B5C02001BB896 = {
						CreatedOnToolsVersion = 9.2;
						ProvisioningStyle = Automatic;
						SystemCapabilities = {
							com.apple.Sandbox = {
								enabled = 0;
							};
						};
					};
					D8EDBBCE204B5C02001BB896 = {
						CreatedOnToolsVersion = 9.2;
						ProvisioningStyle = Automatic;
						TestTargetID = D8EDBBBC204B5C02001BB896;
					};
					D8EDBBD9204B5C02001BB896 = {
						CreatedOnToolsVersion = 9.2;
						ProvisioningStyle = Automatic;
						TestTargetID = D8EDBBBC204B5C02001BB896;
					};
				};
			};
			buildConfigurationList = D8EDBBB8204B5C02001BB896 /* Build configuration list for PBXProject "PI V" */;
			compatibilityVersion = "Xcode 8.0";
			developmentRegion = en;
			hasScannedForEncodings = 0;
			knownRegions = (
				en,
				Base,
			);
			mainGroup = D8EDBBB4204B5C02001BB896;
			productRefGroup = D8EDBBBE204B5C02001BB896 /* Products */;
			projectDirPath = "";
			projectRoot = "";
			targets = (
				D8EDBBBC204B5C02001BB896 /* PI V */,
				D8EDBBCE204B5C02001BB896 /* PI VTests */,
				D8EDBBD9204B5C02001BB896 /* PI VUITests */,
			);
		};
/* End PBXProject section */

/* Begin PBXResourcesBuildPhase section */
		D8EDBBBB204B5C02001BB896 /* Resources */ = {
			isa = PBXResourcesBuildPhase;
			buildActionMask = 2147483647;
			files = (
				D8EDBBC5204B5C02001BB896 /* Assets.xcassets in Resources */,
				D8EDBBEF204B790E001BB896 /* output.txt in Resources */,
				D81C0BCA204C9882007D8695 /* abalone.txt in Resources */,
				D81C0BC8204C9882007D8695 /* wine.txt in Resources */,
				D85B55E520D44BAE00865CC6 /* useData.py in Resources */,
				D81C0BCC204C9882007D8695 /* winequality-white.txt in Resources */,
				D81C0BCD204C9882007D8695 /* winequality-red.txt in Resources */,
				D81C0BBD204C94F1007D8695 /* myanimelist.txt in Resources */,
				D8EDBBC8204B5C02001BB896 /* Main.storyboard in Resources */,
				D81C0BC9204C9882007D8695 /* breast-cancer-wisconsin.txt in Resources */,
				D81C0BC6204C9882007D8695 /* wdbc.txt in Resources */,
				D81C0BCB204C9882007D8695 /* iris.txt in Resources */,
			);
			runOnlyForDeploymentPostprocessing = 0;
		};
		D8EDBBCD204B5C02001BB896 /* Resources */ = {
			isa = PBXResourcesBuildPhase;
			buildActionMask = 2147483647;
			files = (
			);
			runOnlyForDeploymentPostprocessing = 0;
		};
		D8EDBBD8204B5C02001BB896 /* Resources */ = {
			isa = PBXResourcesBuildPhase;
			buildActionMask = 2147483647;
			files = (
			);
			runOnlyForDeploymentPostprocessing = 0;
		};
/* End PBXResourcesBuildPhase section */

/* Begin PBXSourcesBuildPhase section */
		D8EDBBB9204B5C02001BB896 /* Sources */ = {
			isa = PBXSourcesBuildPhase;
			buildActionMask = 2147483647;
			files = (
				D8EDBBC3204B5C02001BB896 /* ViewController.swift in Sources */,
				D8EDBBC1204B5C02001BB896 /* AppDelegate.swift in Sources */,
				D85B55E120C6B76D00865CC6 /* GraphView.swift in Sources */,
			);
			runOnlyForDeploymentPostprocessing = 0;
		};
		D8EDBBCB204B5C02001BB896 /* Sources */ = {
			isa = PBXSourcesBuildPhase;
			buildActionMask = 2147483647;
			files = (
				D8EDBBD4204B5C02001BB896 /* PI_VTests.swift in Sources */,
			);
			runOnlyForDeploymentPostprocessing = 0;
		};
		D8EDBBD6204B5C02001BB896 /* Sources */ = {
			isa = PBXSourcesBuildPhase;
			buildActionMask = 2147483647;
			files = (
				D8EDBBDF204B5C02001BB896 /* PI_VUITests.swift in Sources */,
			);
			runOnlyForDeploymentPostprocessing = 0;
		};
/* End PBXSourcesBuildPhase section */

/* Begin PBXTargetDependency section */
		D8EDBBD1204B5C02001BB896 /* PBXTargetDependency */ = {
			isa = PBXTargetDependency;
			target = D8EDBBBC204B5C02001BB896 /* PI V */;
			targetProxy = D8EDBBD0204B5C02001BB896 /* PBXContainerItemProxy */;
		};
		D8EDBBDC204B5C02001BB896 /* PBXTargetDependency */ = {
			isa = PBXTargetDependency;
			target = D8EDBBBC204B5C02001BB896 /* PI V */;
			targetProxy = D8EDBBDB204B5C02001BB896 /* PBXContainerItemProxy */;
		};
/* End PBXTargetDependency section */

/* Begin PBXVariantGroup section */
		D8EDBBC6204B5C02001BB896 /* Main.storyboard */ = {
			isa = PBXVariantGroup;
			children = (
				D8EDBBC7204B5C02001BB896 /* Base */,
			);
			name = Main.storyboard;
			sourceTree = "<group>";
		};
/* End PBXVariantGroup section */

/* Begin XCBuildConfiguration section */
		D8EDBBE1204B5C02001BB896 /* Debug */ = {
			isa = XCBuildConfiguration;
			buildSettings = {
				ALWAYS_SEARCH_USER_PATHS = NO;
				CLANG_ANALYZER_NONNULL = YES;
				CLANG_ANALYZER_NUMBER_OBJECT_CONVERSION = YES_AGGRESSIVE;
				CLANG_CXX_LANGUAGE_STANDARD = "gnu++14";
				CLANG_CXX_LIBRARY = "libc++";
				CLANG_ENABLE_MODULES = YES;
				CLANG_ENABLE_OBJC_ARC = YES;
				CLANG_WARN_BLOCK_CAPTURE_AUTORELEASING = YES;
				CLANG_WARN_BOOL_CONVERSION = YES;
				CLANG_WARN_COMMA = YES;
				CLANG_WARN_CONSTANT_CONVERSION = YES;
				CLANG_WARN_DIRECT_OBJC_ISA_USAGE = YES_ERROR;
				CLANG_WARN_DOCUMENTATION_COMMENTS = YES;
				CLANG_WARN_EMPTY_BODY = YES;
				CLANG_WARN_ENUM_CONVERSION = YES;
				CLANG_WARN_INFINITE_RECURSION = YES;
				CLANG_WARN_INT_CONVERSION = YES;
				CLANG_WARN_NON_LITERAL_NULL_CONVERSION = YES;
				CLANG_WARN_OBJC_LITERAL_CONVERSION = YES;
				CLANG_WARN_OBJC_ROOT_CLASS = YES_ERROR;
				CLANG_WARN_RANGE_LOOP_ANALYSIS = YES;
				CLANG_WARN_STRICT_PROTOTYPES = YES;
				CLANG_WARN_SUSPICIOUS_MOVE = YES;
				CLANG_WARN_UNGUARDED_AVAILABILITY = YES_AGGRESSIVE;
				CLANG_WARN_UNREACHABLE_CODE = YES;
				CLANG_WARN__DUPLICATE_METHOD_MATCH = YES;
				CODE_SIGN_IDENTITY = "Mac Developer";
				COPY_PHASE_STRIP = NO;
				DEBUG_INFORMATION_FORMAT = dwarf;
				ENABLE_STRICT_OBJC_MSGSEND = YES;
				ENABLE_TESTABILITY = YES;
				GCC_C_LANGUAGE_STANDARD = gnu11;
				GCC_DYNAMIC_NO_PIC = NO;
				GCC_NO_COMMON_BLOCKS = YES;
				GCC_OPTIMIZATION_LEVEL = 0;
				GCC_PREPROCESSOR_DEFINITIONS = (
					"DEBUG=1",
					"$(inherited)",
				);
				GCC_WARN_64_TO_32_BIT_CONVERSION = YES;
				GCC_WARN_ABOUT_RETURN_TYPE = YES_ERROR;
				GCC_WARN_UNDECLARED_SELECTOR = YES;
				GCC_WARN_UNINITIALIZED_AUTOS = YES_AGGRESSIVE;
				GCC_WARN_UNUSED_FUNCTION = YES;
				GCC_WARN_UNUSED_VARIABLE = YES;
				MACOSX_DEPLOYMENT_TARGET = 10.13;
				MTL_ENABLE_DEBUG_INFO = YES;
				ONLY_ACTIVE_ARCH = YES;
				SDKROOT = macosx;
				SWIFT_ACTIVE_COMPILATION_CONDITIONS = DEBUG;
				SWIFT_OPTIMIZATION_LEVEL = "-Onone";
			};
			name = Debug;
		};
		D8EDBBE2204B5C02001BB896 /* Release */ = {
			isa = XCBuildConfiguration;
			buildSettings = {
				ALWAYS_SEARCH_USER_PATHS = NO;
				CLANG_ANALYZER_NONNULL = YES;
				CLANG_ANALYZER_NUMBER_OBJECT_CONVERSION = YES_AGGRESSIVE;
				CLANG_CXX_LANGUAGE_STANDARD = "gnu++14";
				CLANG_CXX_LIBRARY = "libc++";
				CLANG_ENABLE_MODULES = YES;
				CLANG_ENABLE_OBJC_ARC = YES;
				CLANG_WARN_BLOCK_CAPTURE_AUTORELEASING = YES;
				CLANG_WARN_BOOL_CONVERSION = YES;
				CLANG_WARN_COMMA = YES;
				CLANG_WARN_CONSTANT_CONVERSION = YES;
				CLANG_WARN_DIRECT_OBJC_ISA_USAGE = YES_ERROR;
				CLANG_WARN_DOCUMENTATION_COMMENTS = YES;
				CLANG_WARN_EMPTY_BODY = YES;
				CLANG_WARN_ENUM_CONVERSION = YES;
				CLANG_WARN_INFINITE_RECURSION = YES;
				CLANG_WARN_INT_CONVERSION = YES;
				CLANG_WARN_NON_LITERAL_NULL_CONVERSION = YES;
				CLANG_WARN_OBJC_LITERAL_CONVERSION = YES;
				CLANG_WARN_OBJC_ROOT_CLASS = YES_ERROR;
				CLANG_WARN_RANGE_LOOP_ANALYSIS = YES;
				CLANG_WARN_STRICT_PROTOTYPES = YES;
				CLANG_WARN_SUSPICIOUS_MOVE = YES;
				CLANG_WARN_UNGUARDED_AVAILABILITY = YES_AGGRESSIVE;
				CLANG_WARN_UNREACHABLE_CODE = YES;
				CLANG_WARN__DUPLICATE_METHOD_MATCH = YES;
				CODE_SIGN_IDENTITY = "Mac Developer";
				COPY_PHASE_STRIP = NO;
				DEBUG_INFORMATION_FORMAT = "dwarf-with-dsym";
				ENABLE_NS_ASSERTIONS = NO;
				ENABLE_STRICT_OBJC_MSGSEND = YES;
				GCC_C_LANGUAGE_STANDARD = gnu11;
				GCC_NO_COMMON_BLOCKS = YES;
				GCC_WARN_64_TO_32_BIT_CONVERSION = YES;
				GCC_WARN_ABOUT_RETURN_TYPE = YES_ERROR;
				GCC_WARN_UNDECLARED_SELECTOR = YES;
				GCC_WARN_UNINITIALIZED_AUTOS = YES_AGGRESSIVE;
				GCC_WARN_UNUSED_FUNCTION = YES;
				GCC_WARN_UNUSED_VARIABLE = YES;
				MACOSX_DEPLOYMENT_TARGET = 10.13;
				MTL_ENABLE_DEBUG_INFO = NO;
				SDKROOT = macosx;
				SWIFT_OPTIMIZATION_LEVEL = "-Owholemodule";
			};
			name = Release;
		};
		D8EDBBE4204B5C02001BB896 /* Debug */ = {
			isa = XCBuildConfiguration;
			buildSettings = {
				ASSETCATALOG_COMPILER_APPICON_NAME = AppIcon;
				CODE_SIGN_STYLE = Automatic;
				COMBINE_HIDPI_IMAGES = YES;
				DEVELOPMENT_TEAM = H7TBMF35F6;
				INFOPLIST_FILE = "PI V/Info.plist";
				LD_RUNPATH_SEARCH_PATHS = "$(inherited) @executable_path/../Frameworks";
				PRODUCT_BUNDLE_IDENTIFIER = "mo.PI-V";
				PRODUCT_NAME = "$(TARGET_NAME)";
				SWIFT_VERSION = 4.0;
			};
			name = Debug;
		};
		D8EDBBE5204B5C02001BB896 /* Release */ = {
			isa = XCBuildConfiguration;
			buildSettings = {
				ASSETCATALOG_COMPILER_APPICON_NAME = AppIcon;
				CODE_SIGN_STYLE = Automatic;
				COMBINE_HIDPI_IMAGES = YES;
				DEVELOPMENT_TEAM = H7TBMF35F6;
				INFOPLIST_FILE = "PI V/Info.plist";
				LD_RUNPATH_SEARCH_PATHS = "$(inherited) @executable_path/../Frameworks";
				PRODUCT_BUNDLE_IDENTIFIER = "mo.PI-V";
				PRODUCT_NAME = "$(TARGET_NAME)";
				SWIFT_VERSION = 4.0;
			};
			name = Release;
		};
		D8EDBBE7204B5C02001BB896 /* Debug */ = {
			isa = XCBuildConfiguration;
			buildSettings = {
				ALWAYS_EMBED_SWIFT_STANDARD_LIBRARIES = YES;
				BUNDLE_LOADER = "$(TEST_HOST)";
				CODE_SIGN_STYLE = Automatic;
				COMBINE_HIDPI_IMAGES = YES;
				DEVELOPMENT_TEAM = H7TBMF35F6;
				INFOPLIST_FILE = "PI VTests/Info.plist";
				LD_RUNPATH_SEARCH_PATHS = "$(inherited) @executable_path/../Frameworks @loader_path/../Frameworks";
				PRODUCT_BUNDLE_IDENTIFIER = "mo.PI-VTests";
				PRODUCT_NAME = "$(TARGET_NAME)";
				SWIFT_VERSION = 4.0;
				TEST_HOST = "$(BUILT_PRODUCTS_DIR)/PI V.app/Contents/MacOS/PI V";
			};
			name = Debug;
		};
		D8EDBBE8204B5C02001BB896 /* Release */ = {
			isa = XCBuildConfiguration;
			buildSettings = {
				ALWAYS_EMBED_SWIFT_STANDARD_LIBRARIES = YES;
				BUNDLE_LOADER = "$(TEST_HOST)";
				CODE_SIGN_STYLE = Automatic;
				COMBINE_HIDPI_IMAGES = YES;
				DEVELOPMENT_TEAM = H7TBMF35F6;
				INFOPLIST_FILE = "PI VTests/Info.plist";
				LD_RUNPATH_SEARCH_PATHS = "$(inherited) @executable_path/../Frameworks @loader_path/../Frameworks";
				PRODUCT_BUNDLE_IDENTIFIER = "mo.PI-VTests";
				PRODUCT_NAME = "$(TARGET_NAME)";
				SWIFT_VERSION = 4.0;
				TEST_HOST = "$(BUILT_PRODUCTS_DIR)/PI V.app/Contents/MacOS/PI V";
			};
			name = Release;
		};
		D8EDBBEA204B5C02001BB896 /* Debug */ = {
			isa = XCBuildConfiguration;
			buildSettings = {
				ALWAYS_EMBED_SWIFT_STANDARD_LIBRARIES = YES;
				CODE_SIGN_STYLE = Automatic;
				COMBINE_HIDPI_IMAGES = YES;
				DEVELOPMENT_TEAM = H7TBMF35F6;
				INFOPLIST_FILE = "PI VUITests/Info.plist";
				LD_RUNPATH_SEARCH_PATHS = "$(inherited) @executable_path/../Frameworks @loader_path/../Frameworks";
				PRODUCT_BUNDLE_IDENTIFIER = "mo.PI-VUITests";
				PRODUCT_NAME = "$(TARGET_NAME)";
				SWIFT_VERSION = 4.0;
				TEST_TARGET_NAME = "PI V";
			};
			name = Debug;
		};
		D8EDBBEB204B5C02001BB896 /* Release */ = {
			isa = XCBuildConfiguration;
			buildSettings = {
				ALWAYS_EMBED_SWIFT_STANDARD_LIBRARIES = YES;
				CODE_SIGN_STYLE = Automatic;
				COMBINE_HIDPI_IMAGES = YES;
				DEVELOPMENT_TEAM = H7TBMF35F6;
				INFOPLIST_FILE = "PI VUITests/Info.plist";
				LD_RUNPATH_SEARCH_PATHS = "$(inherited) @executable_path/../Frameworks @loader_path/../Frameworks";
				PRODUCT_BUNDLE_IDENTIFIER = "mo.PI-VUITests";
				PRODUCT_NAME = "$(TARGET_NAME)";
				SWIFT_VERSION = 4.0;
				TEST_TARGET_NAME = "PI V";
			};
			name = Release;
		};
/* End XCBuildConfiguration section */

/* Begin XCConfigurationList section */
		D8EDBBB8204B5C02001BB896 /* Build configuration list for PBXProject "PI V" */ = {
			isa = XCConfigurationList;
			buildConfigurations = (
				D8EDBBE1204B5C02001BB896 /* Debug */,
				D8EDBBE2204B5C02001BB896 /* Release */,
			);
			defaultConfigurationIsVisible = 0;
			defaultConfigurationName = Release;
		};
		D8EDBBE3204B5C02001BB896 /* Build configuration list for PBXNativeTarget "PI V" */ = {
			isa = XCConfigurationList;
			buildConfigurations = (
				D8EDBBE4204B5C02001BB896 /* Debug */,
				D8EDBBE5204B5C02001BB896 /* Release */,
			);
			defaultConfigurationIsVisible = 0;
			defaultConfigurationName = Release;
		};
		D8EDBBE6204B5C02001BB896 /* Build configuration list for PBXNativeTarget "PI VTests" */ = {
			isa = XCConfigurationList;
			buildConfigurations = (
				D8EDBBE7204B5C02001BB896 /* Debug */,
				D8EDBBE8204B5C02001BB896 /* Release */,
			);
			defaultConfigurationIsVisible = 0;
			defaultConfigurationName = Release;
		};
		D8EDBBE9204B5C02001BB896 /* Build configuration list for PBXNativeTarget "PI VUITests" */ = {
			isa = XCConfigurationList;
			buildConfigurations = (
				D8EDBBEA204B5C02001BB896 /* Debug */,
				D8EDBBEB204B5C02001BB896 /* Release */,
			);
			defaultConfigurationIsVisible = 0;
			defaultConfigurationName = Release;
		};
/* End XCConfigurationList section */
	};
	rootObject = D8EDBBB5204B5C02001BB896 /* Project object */;
}
